// !$*UTF8*$!
{
	archiveVersion = 1;
	classes = {
	};
	objectVersion = 50;
	objects = {

/* Begin PBXBuildFile section */
		A4569E61C46AD6F4B952FC61 /* Pods_WishApp_WishAppUITests.framework in Frameworks */ = {isa = PBXBuildFile; fileRef = 3EE2CC121FC820D088554A4D /* Pods_WishApp_WishAppUITests.framework */; };
		A861C2367C0D577F9CCDE45D /* Pods_WishApp.framework in Frameworks */ = {isa = PBXBuildFile; fileRef = 944DFC002F51B2100E014727 /* Pods_WishApp.framework */; };
		DE02E4662167640300DBD0A1 /* AppDelegate.swift in Sources */ = {isa = PBXBuildFile; fileRef = DE02E4652167640300DBD0A1 /* AppDelegate.swift */; };
		DE02E46B2167640300DBD0A1 /* Main.storyboard in Resources */ = {isa = PBXBuildFile; fileRef = DE02E4692167640300DBD0A1 /* Main.storyboard */; };
		DE02E46D2167640500DBD0A1 /* Assets.xcassets in Resources */ = {isa = PBXBuildFile; fileRef = DE02E46C2167640500DBD0A1 /* Assets.xcassets */; };
		DE02E4702167640500DBD0A1 /* LaunchScreen.storyboard in Resources */ = {isa = PBXBuildFile; fileRef = DE02E46E2167640500DBD0A1 /* LaunchScreen.storyboard */; };
		DE02E478216765CD00DBD0A1 /* WishListTableViewController.swift in Sources */ = {isa = PBXBuildFile; fileRef = DE02E477216765CD00DBD0A1 /* WishListTableViewController.swift */; };
		DE02E47D2167672A00DBD0A1 /* StringExtension.swift in Sources */ = {isa = PBXBuildFile; fileRef = DE02E47C2167672A00DBD0A1 /* StringExtension.swift */; };
		DE0843B9218DCE5A007187C6 /* PodLicensingViewController.swift in Sources */ = {isa = PBXBuildFile; fileRef = DE0843B8218DCE5A007187C6 /* PodLicensingViewController.swift */; };
		DE0843BB218DCE68007187C6 /* PodLicense.swift in Sources */ = {isa = PBXBuildFile; fileRef = DE0843BA218DCE68007187C6 /* PodLicense.swift */; };
		DE0843BD218DCEEB007187C6 /* PodAck.swift in Sources */ = {isa = PBXBuildFile; fileRef = DE0843BC218DCEEB007187C6 /* PodAck.swift */; };
		DE0F0AC2218DD79B00F1F067 /* Realm.framework in Frameworks */ = {isa = PBXBuildFile; fileRef = DE0843AE218C85DC007187C6 /* Realm.framework */; };
		DE0F0AC3218DD79B00F1F067 /* Realm.framework in Embed Frameworks */ = {isa = PBXBuildFile; fileRef = DE0843AE218C85DC007187C6 /* Realm.framework */; settings = {ATTRIBUTES = (CodeSignOnCopy, RemoveHeadersOnCopy, ); }; };
		DE0F0AC4218DD79B00F1F067 /* RealmSwift.framework in Frameworks */ = {isa = PBXBuildFile; fileRef = DE0843AF218C85DD007187C6 /* RealmSwift.framework */; };
		DE0F0AC5218DD79C00F1F067 /* RealmSwift.framework in Embed Frameworks */ = {isa = PBXBuildFile; fileRef = DE0843AF218C85DD007187C6 /* RealmSwift.framework */; settings = {ATTRIBUTES = (CodeSignOnCopy, RemoveHeadersOnCopy, ); }; };
		DE1D80EA2185BCED003C49DE /* SortOption.swift in Sources */ = {isa = PBXBuildFile; fileRef = DE1D80E92185BCED003C49DE /* SortOption.swift */; };
		DE1D80ED2185BEAB003C49DE /* SettingsTableViewCell.swift in Sources */ = {isa = PBXBuildFile; fileRef = DE1D80EC2185BEAB003C49DE /* SettingsTableViewCell.swift */; };
		DE1D80EF2185C048003C49DE /* SelectListViewController.swift in Sources */ = {isa = PBXBuildFile; fileRef = DE1D80EE2185C048003C49DE /* SelectListViewController.swift */; };
		DE1D80F32185C593003C49DE /* SelectListTableViewCell.swift in Sources */ = {isa = PBXBuildFile; fileRef = DE1D80F22185C593003C49DE /* SelectListTableViewCell.swift */; };
		DE1D80F52185C77C003C49DE /* NotificationNames.swift in Sources */ = {isa = PBXBuildFile; fileRef = DE1D80F42185C77C003C49DE /* NotificationNames.swift */; };
		DE28F379218DD93B00763104 /* Realm.plist in Resources */ = {isa = PBXBuildFile; fileRef = DE28F378218DD93B00763104 /* Realm.plist */; };
		DE523A5221709EB900436459 /* InfoTableViewController.swift in Sources */ = {isa = PBXBuildFile; fileRef = DE523A5121709EB900436459 /* InfoTableViewController.swift */; };
		DE57A44421779BFF008EDBAA /* CreditsTableViewCell.swift in Sources */ = {isa = PBXBuildFile; fileRef = DE57A44321779BFF008EDBAA /* CreditsTableViewCell.swift */; };
		DE57A4462177AB18008EDBAA /* InfoHeaderView.swift in Sources */ = {isa = PBXBuildFile; fileRef = DE57A4452177AB18008EDBAA /* InfoHeaderView.swift */; };
		DE57A4492177AE59008EDBAA /* WishApp.swift in Sources */ = {isa = PBXBuildFile; fileRef = DE57A4482177AE59008EDBAA /* WishApp.swift */; };
		DE57A44B21788EC9008EDBAA /* SearchTableViewController.swift in Sources */ = {isa = PBXBuildFile; fileRef = DE57A44A21788EC9008EDBAA /* SearchTableViewController.swift */; };
		DE57A44F21789021008EDBAA /* iTunesSearchAPI.swift in Sources */ = {isa = PBXBuildFile; fileRef = DE57A44E21789021008EDBAA /* iTunesSearchAPI.swift */; };
		DE57A45221789085008EDBAA /* AppSearchResult.swift in Sources */ = {isa = PBXBuildFile; fileRef = DE57A45121789085008EDBAA /* AppSearchResult.swift */; };
		DE57A45721789615008EDBAA /* App.swift in Sources */ = {isa = PBXBuildFile; fileRef = DE57A45621789615008EDBAA /* App.swift */; };
		DE57A4642178A4FE008EDBAA /* WishListable.swift in Sources */ = {isa = PBXBuildFile; fileRef = DE57A4632178A4FE008EDBAA /* WishListable.swift */; };
		DE57A4652178D782008EDBAA /* WishListable.swift in Sources */ = {isa = PBXBuildFile; fileRef = DE57A4632178A4FE008EDBAA /* WishListable.swift */; };
		DE7421BF2187782B003D379B /* WishAppUITests.swift in Sources */ = {isa = PBXBuildFile; fileRef = DE7421BE2187782B003D379B /* WishAppUITests.swift */; };
		DE7421C82187787E003D379B /* SnapshotHelper.swift in Sources */ = {isa = PBXBuildFile; fileRef = DE7421C62187787A003D379B /* SnapshotHelper.swift */; };
		DE8DAA52218A30A300C2E2A5 /* iTunesApp.swift in Sources */ = {isa = PBXBuildFile; fileRef = DE8DAA51218A30A300C2E2A5 /* iTunesApp.swift */; };
		DE8DAA56218A3A7000C2E2A5 /* URLApp.swift in Sources */ = {isa = PBXBuildFile; fileRef = DEB7397C216A229C0056E178 /* URLApp.swift */; };
		DE8DAA57218A3A7C00C2E2A5 /* iTunesApp.swift in Sources */ = {isa = PBXBuildFile; fileRef = DE8DAA51218A30A300C2E2A5 /* iTunesApp.swift */; };
		DEA1EE12218750D20045B209 /* TestingManager.swift in Sources */ = {isa = PBXBuildFile; fileRef = DEA1EE11218750D20045B209 /* TestingManager.swift */; };
		DEA1EE132187592D0045B209 /* TestingManager.swift in Sources */ = {isa = PBXBuildFile; fileRef = DEA1EE11218750D20045B209 /* TestingManager.swift */; };
		DEAF97CE217A694E0018BFDF /* Acknowledgements.plist in Resources */ = {isa = PBXBuildFile; fileRef = DEAF97CD217A694D0018BFDF /* Acknowledgements.plist */; };
		DEB7393021676CA50056E178 /* ShareViewController.swift in Sources */ = {isa = PBXBuildFile; fileRef = DEB7392F21676CA50056E178 /* ShareViewController.swift */; };
		DEB7393721676CA50056E178 /* ImportExtension.appex in Embed App Extensions */ = {isa = PBXBuildFile; fileRef = DEB7392D21676CA50056E178 /* ImportExtension.appex */; settings = {ATTRIBUTES = (RemoveHeadersOnCopy, ); }; };
		DEB73973216A0ECB0056E178 /* DatabaseManager.swift in Sources */ = {isa = PBXBuildFile; fileRef = DEB73972216A0ECB0056E178 /* DatabaseManager.swift */; };
		DEB73974216A0EEA0056E178 /* DatabaseManager.swift in Sources */ = {isa = PBXBuildFile; fileRef = DEB73972216A0ECB0056E178 /* DatabaseManager.swift */; };
		DEB73976216A14850056E178 /* WishListItem.swift in Sources */ = {isa = PBXBuildFile; fileRef = DEB73975216A14850056E178 /* WishListItem.swift */; };
		DEB73977216A14CC0056E178 /* WishListItem.swift in Sources */ = {isa = PBXBuildFile; fileRef = DEB73975216A14850056E178 /* WishListItem.swift */; };
		DEB7397A216A20A20056E178 /* ImportManager.swift in Sources */ = {isa = PBXBuildFile; fileRef = DEB73979216A20A20056E178 /* ImportManager.swift */; };
		DEB7397D216A229C0056E178 /* URLApp.swift in Sources */ = {isa = PBXBuildFile; fileRef = DEB7397C216A229C0056E178 /* URLApp.swift */; };
		DEB7397F216A241E0056E178 /* AppStoreURLResponse.swift in Sources */ = {isa = PBXBuildFile; fileRef = DEB7397E216A241E0056E178 /* AppStoreURLResponse.swift */; };
		DEB73980216A26C80056E178 /* ImportManager.swift in Sources */ = {isa = PBXBuildFile; fileRef = DEB73979216A20A20056E178 /* ImportManager.swift */; };
		DEB73981216A26F40056E178 /* AppStoreURLResponse.swift in Sources */ = {isa = PBXBuildFile; fileRef = DEB7397E216A241E0056E178 /* AppStoreURLResponse.swift */; };
		DEB73984216A2A890056E178 /* ImageManager.swift in Sources */ = {isa = PBXBuildFile; fileRef = DEB73983216A2A890056E178 /* ImageManager.swift */; };
		DEB73985216ABD750056E178 /* ImageManager.swift in Sources */ = {isa = PBXBuildFile; fileRef = DEB73983216A2A890056E178 /* ImageManager.swift */; };
		DEB73989216AC0740056E178 /* StringExtension.swift in Sources */ = {isa = PBXBuildFile; fileRef = DE02E47C2167672A00DBD0A1 /* StringExtension.swift */; };
		DEB7398C216AC9E30056E178 /* WishListItemTableViewCell.swift in Sources */ = {isa = PBXBuildFile; fileRef = DEB7398B216AC9E30056E178 /* WishListItemTableViewCell.swift */; };
		DEB7398E216B61670056E178 /* UIColorExtension.swift in Sources */ = {isa = PBXBuildFile; fileRef = DEB7398D216B61670056E178 /* UIColorExtension.swift */; };
		DEB73996216BCB920056E178 /* Localizable.strings in Resources */ = {isa = PBXBuildFile; fileRef = DEB73999216BCB920056E178 /* Localizable.strings */; };
		DEB73997216BCB920056E178 /* Localizable.strings in Resources */ = {isa = PBXBuildFile; fileRef = DEB73999216BCB920056E178 /* Localizable.strings */; };
		DEB89B0221825ABF00139C48 /* DefaultsKeysExtension.swift in Sources */ = {isa = PBXBuildFile; fileRef = DEB89B0121825ABF00139C48 /* DefaultsKeysExtension.swift */; };
		DEB89B0421825AFD00139C48 /* SettingsManager.swift in Sources */ = {isa = PBXBuildFile; fileRef = DEB89B0321825AFD00139C48 /* SettingsManager.swift */; };
		DEB89B08218266BE00139C48 /* UIColorExtension.swift in Sources */ = {isa = PBXBuildFile; fileRef = DEB7398D216B61670056E178 /* UIColorExtension.swift */; };
		DEB89B0A2182731A00139C48 /* MainInterface.storyboard in Resources */ = {isa = PBXBuildFile; fileRef = DEB89B092182731A00139C48 /* MainInterface.storyboard */; };
		DEB89B0C2183170500139C48 /* Assets.xcassets in Resources */ = {isa = PBXBuildFile; fileRef = DEB89B0B2183170500139C48 /* Assets.xcassets */; };
		DEE55DBA218F3F1100F23BFD /* iTunesSearchAPI.swift in Sources */ = {isa = PBXBuildFile; fileRef = DE57A44E21789021008EDBAA /* iTunesSearchAPI.swift */; };
		DEE55DBB218F3F1E00F23BFD /* App.swift in Sources */ = {isa = PBXBuildFile; fileRef = DE57A45621789615008EDBAA /* App.swift */; };
		DEE55DBC218F3F2300F23BFD /* URLApp.swift in Sources */ = {isa = PBXBuildFile; fileRef = DEB7397C216A229C0056E178 /* URLApp.swift */; };
		DEE55DBD218F3F2B00F23BFD /* iTunesApp.swift in Sources */ = {isa = PBXBuildFile; fileRef = DE8DAA51218A30A300C2E2A5 /* iTunesApp.swift */; };
		DEE55DBE218F3F6D00F23BFD /* AppSearchResult.swift in Sources */ = {isa = PBXBuildFile; fileRef = DE57A45121789085008EDBAA /* AppSearchResult.swift */; };
		DEE55DBF218F410300F23BFD /* WishListable.swift in Sources */ = {isa = PBXBuildFile; fileRef = DE57A4632178A4FE008EDBAA /* WishListable.swift */; };
/* End PBXBuildFile section */

/* Begin PBXContainerItemProxy section */
		DE7421C12187782B003D379B /* PBXContainerItemProxy */ = {
			isa = PBXContainerItemProxy;
			containerPortal = DE02E45A2167640300DBD0A1 /* Project object */;
			proxyType = 1;
			remoteGlobalIDString = DE02E4612167640300DBD0A1;
			remoteInfo = WishApp;
		};
		DEB7393521676CA50056E178 /* PBXContainerItemProxy */ = {
			isa = PBXContainerItemProxy;
			containerPortal = DE02E45A2167640300DBD0A1 /* Project object */;
			proxyType = 1;
			remoteGlobalIDString = DEB7392C21676CA50056E178;
			remoteInfo = ImportExtension;
		};
/* End PBXContainerItemProxy section */

/* Begin PBXCopyFilesBuildPhase section */
		DE0F0AC6218DD79C00F1F067 /* Embed Frameworks */ = {
			isa = PBXCopyFilesBuildPhase;
			buildActionMask = 2147483647;
			dstPath = "";
			dstSubfolderSpec = 10;
			files = (
				DE0F0AC5218DD79C00F1F067 /* RealmSwift.framework in Embed Frameworks */,
				DE0F0AC3218DD79B00F1F067 /* Realm.framework in Embed Frameworks */,
			);
			name = "Embed Frameworks";
			runOnlyForDeploymentPostprocessing = 0;
		};
		DEB7393B21676CA50056E178 /* Embed App Extensions */ = {
			isa = PBXCopyFilesBuildPhase;
			buildActionMask = 2147483647;
			dstPath = "";
			dstSubfolderSpec = 13;
			files = (
				DEB7393721676CA50056E178 /* ImportExtension.appex in Embed App Extensions */,
			);
			name = "Embed App Extensions";
			runOnlyForDeploymentPostprocessing = 0;
		};
/* End PBXCopyFilesBuildPhase section */

/* Begin PBXFileReference section */
		0295BC2EAC2AFBC14AB90870 /* Pods-WishApp-WishAppUITests.debug.xcconfig */ = {isa = PBXFileReference; includeInIndex = 1; lastKnownFileType = text.xcconfig; name = "Pods-WishApp-WishAppUITests.debug.xcconfig"; path = "Pods/Target Support Files/Pods-WishApp-WishAppUITests/Pods-WishApp-WishAppUITests.debug.xcconfig"; sourceTree = "<group>"; };
		22B94F8129FF16BDC31D28A1 /* Pods-WishApp.debug.xcconfig */ = {isa = PBXFileReference; includeInIndex = 1; lastKnownFileType = text.xcconfig; name = "Pods-WishApp.debug.xcconfig"; path = "Pods/Target Support Files/Pods-WishApp/Pods-WishApp.debug.xcconfig"; sourceTree = "<group>"; };
		285663BB454B60CCCB8E22DD /* Pods_ImportExtension.framework */ = {isa = PBXFileReference; explicitFileType = wrapper.framework; includeInIndex = 0; path = Pods_ImportExtension.framework; sourceTree = BUILT_PRODUCTS_DIR; };
		38A30F051CD7F610B8404191 /* Pods-WishApp-ImportExtension.debug.xcconfig */ = {isa = PBXFileReference; includeInIndex = 1; lastKnownFileType = text.xcconfig; name = "Pods-WishApp-ImportExtension.debug.xcconfig"; path = "Pods/Target Support Files/Pods-WishApp-ImportExtension/Pods-WishApp-ImportExtension.debug.xcconfig"; sourceTree = "<group>"; };
		3EE2CC121FC820D088554A4D /* Pods_WishApp_WishAppUITests.framework */ = {isa = PBXFileReference; explicitFileType = wrapper.framework; includeInIndex = 0; path = Pods_WishApp_WishAppUITests.framework; sourceTree = BUILT_PRODUCTS_DIR; };
		58449BDCAFEC416A8E3CBFA6 /* Pods-WishApp-ImportExtension.release.xcconfig */ = {isa = PBXFileReference; includeInIndex = 1; lastKnownFileType = text.xcconfig; name = "Pods-WishApp-ImportExtension.release.xcconfig"; path = "Pods/Target Support Files/Pods-WishApp-ImportExtension/Pods-WishApp-ImportExtension.release.xcconfig"; sourceTree = "<group>"; };
		67055DB79C6E688DECAEE47E /* Pods-WishApp.release.xcconfig */ = {isa = PBXFileReference; includeInIndex = 1; lastKnownFileType = text.xcconfig; name = "Pods-WishApp.release.xcconfig"; path = "Pods/Target Support Files/Pods-WishApp/Pods-WishApp.release.xcconfig"; sourceTree = "<group>"; };
		6D3CAA0E4C0CEB0400CFB269 /* Pods-WishApp-WishAppUITests.release.xcconfig */ = {isa = PBXFileReference; includeInIndex = 1; lastKnownFileType = text.xcconfig; name = "Pods-WishApp-WishAppUITests.release.xcconfig"; path = "Pods/Target Support Files/Pods-WishApp-WishAppUITests/Pods-WishApp-WishAppUITests.release.xcconfig"; sourceTree = "<group>"; };
		944DFC002F51B2100E014727 /* Pods_WishApp.framework */ = {isa = PBXFileReference; explicitFileType = wrapper.framework; includeInIndex = 0; path = Pods_WishApp.framework; sourceTree = BUILT_PRODUCTS_DIR; };
		DE02E4622167640300DBD0A1 /* WishApp.app */ = {isa = PBXFileReference; explicitFileType = wrapper.application; includeInIndex = 0; path = WishApp.app; sourceTree = BUILT_PRODUCTS_DIR; };
		DE02E4652167640300DBD0A1 /* AppDelegate.swift */ = {isa = PBXFileReference; lastKnownFileType = sourcecode.swift; path = AppDelegate.swift; sourceTree = "<group>"; };
		DE02E46A2167640300DBD0A1 /* Base */ = {isa = PBXFileReference; lastKnownFileType = file.storyboard; name = Base; path = Base.lproj/Main.storyboard; sourceTree = "<group>"; };
		DE02E46C2167640500DBD0A1 /* Assets.xcassets */ = {isa = PBXFileReference; lastKnownFileType = folder.assetcatalog; path = Assets.xcassets; sourceTree = "<group>"; };
		DE02E46F2167640500DBD0A1 /* Base */ = {isa = PBXFileReference; lastKnownFileType = file.storyboard; name = Base; path = Base.lproj/LaunchScreen.storyboard; sourceTree = "<group>"; };
		DE02E4712167640500DBD0A1 /* Info.plist */ = {isa = PBXFileReference; lastKnownFileType = text.plist.xml; path = Info.plist; sourceTree = "<group>"; };
		DE02E477216765CD00DBD0A1 /* WishListTableViewController.swift */ = {isa = PBXFileReference; lastKnownFileType = sourcecode.swift; path = WishListTableViewController.swift; sourceTree = "<group>"; };
		DE02E47C2167672A00DBD0A1 /* StringExtension.swift */ = {isa = PBXFileReference; lastKnownFileType = sourcecode.swift; path = StringExtension.swift; sourceTree = "<group>"; };
		DE0843AE218C85DC007187C6 /* Realm.framework */ = {isa = PBXFileReference; lastKnownFileType = wrapper.framework; path = Realm.framework; sourceTree = "<group>"; };
		DE0843AF218C85DD007187C6 /* RealmSwift.framework */ = {isa = PBXFileReference; lastKnownFileType = wrapper.framework; path = RealmSwift.framework; sourceTree = "<group>"; };
		DE0843B8218DCE5A007187C6 /* PodLicensingViewController.swift */ = {isa = PBXFileReference; lastKnownFileType = sourcecode.swift; path = PodLicensingViewController.swift; sourceTree = "<group>"; };
		DE0843BA218DCE68007187C6 /* PodLicense.swift */ = {isa = PBXFileReference; lastKnownFileType = sourcecode.swift; path = PodLicense.swift; sourceTree = "<group>"; };
		DE0843BC218DCEEB007187C6 /* PodAck.swift */ = {isa = PBXFileReference; lastKnownFileType = sourcecode.swift; path = PodAck.swift; sourceTree = "<group>"; };
		DE1D80E92185BCED003C49DE /* SortOption.swift */ = {isa = PBXFileReference; lastKnownFileType = sourcecode.swift; path = SortOption.swift; sourceTree = "<group>"; };
		DE1D80EC2185BEAB003C49DE /* SettingsTableViewCell.swift */ = {isa = PBXFileReference; lastKnownFileType = sourcecode.swift; path = SettingsTableViewCell.swift; sourceTree = "<group>"; };
		DE1D80EE2185C048003C49DE /* SelectListViewController.swift */ = {isa = PBXFileReference; lastKnownFileType = sourcecode.swift; path = SelectListViewController.swift; sourceTree = "<group>"; };
		DE1D80F22185C593003C49DE /* SelectListTableViewCell.swift */ = {isa = PBXFileReference; lastKnownFileType = sourcecode.swift; path = SelectListTableViewCell.swift; sourceTree = "<group>"; };
		DE1D80F42185C77C003C49DE /* NotificationNames.swift */ = {isa = PBXFileReference; lastKnownFileType = sourcecode.swift; path = NotificationNames.swift; sourceTree = "<group>"; };
		DE28F378218DD93B00763104 /* Realm.plist */ = {isa = PBXFileReference; lastKnownFileType = text.plist.xml; path = Realm.plist; sourceTree = "<group>"; };
		DE523A5121709EB900436459 /* InfoTableViewController.swift */ = {isa = PBXFileReference; lastKnownFileType = sourcecode.swift; path = InfoTableViewController.swift; sourceTree = "<group>"; };
		DE57A44321779BFF008EDBAA /* CreditsTableViewCell.swift */ = {isa = PBXFileReference; lastKnownFileType = sourcecode.swift; path = CreditsTableViewCell.swift; sourceTree = "<group>"; };
		DE57A4452177AB18008EDBAA /* InfoHeaderView.swift */ = {isa = PBXFileReference; lastKnownFileType = sourcecode.swift; path = InfoHeaderView.swift; sourceTree = "<group>"; };
		DE57A4482177AE59008EDBAA /* WishApp.swift */ = {isa = PBXFileReference; lastKnownFileType = sourcecode.swift; path = WishApp.swift; sourceTree = "<group>"; };
		DE57A44A21788EC9008EDBAA /* SearchTableViewController.swift */ = {isa = PBXFileReference; lastKnownFileType = sourcecode.swift; path = SearchTableViewController.swift; sourceTree = "<group>"; };
		DE57A44E21789021008EDBAA /* iTunesSearchAPI.swift */ = {isa = PBXFileReference; lastKnownFileType = sourcecode.swift; path = iTunesSearchAPI.swift; sourceTree = "<group>"; };
		DE57A45121789085008EDBAA /* AppSearchResult.swift */ = {isa = PBXFileReference; lastKnownFileType = sourcecode.swift; path = AppSearchResult.swift; sourceTree = "<group>"; };
		DE57A45621789615008EDBAA /* App.swift */ = {isa = PBXFileReference; lastKnownFileType = sourcecode.swift; path = App.swift; sourceTree = "<group>"; };
		DE57A4632178A4FE008EDBAA /* WishListable.swift */ = {isa = PBXFileReference; lastKnownFileType = sourcecode.swift; path = WishListable.swift; sourceTree = "<group>"; };
		DE7421BC2187782B003D379B /* WishAppUITests.xctest */ = {isa = PBXFileReference; explicitFileType = wrapper.cfbundle; includeInIndex = 0; path = WishAppUITests.xctest; sourceTree = BUILT_PRODUCTS_DIR; };
		DE7421BE2187782B003D379B /* WishAppUITests.swift */ = {isa = PBXFileReference; lastKnownFileType = sourcecode.swift; path = WishAppUITests.swift; sourceTree = "<group>"; };
		DE7421C02187782B003D379B /* Info.plist */ = {isa = PBXFileReference; lastKnownFileType = text.plist.xml; path = Info.plist; sourceTree = "<group>"; };
		DE7421C62187787A003D379B /* SnapshotHelper.swift */ = {isa = PBXFileReference; fileEncoding = 4; lastKnownFileType = sourcecode.swift; name = SnapshotHelper.swift; path = WishAppUITests/SnapshotHelper.swift; sourceTree = SOURCE_ROOT; };
		DE8DAA51218A30A300C2E2A5 /* iTunesApp.swift */ = {isa = PBXFileReference; lastKnownFileType = sourcecode.swift; path = iTunesApp.swift; sourceTree = "<group>"; };
		DEA1EDE32187456A0045B209 /* Testing.realm */ = {isa = PBXFileReference; lastKnownFileType = file; path = Testing.realm; sourceTree = "<group>"; };
		DEA1EDE72187458E0045B209 /* 372597141247a834d306c218cd70c6d6a4fe6e31.png */ = {isa = PBXFileReference; lastKnownFileType = image.png; path = 372597141247a834d306c218cd70c6d6a4fe6e31.png; sourceTree = "<group>"; };
		DEA1EDE82187458E0045B209 /* 7d9be00e2a1d369e2ed3190effb1bc94c93925b3.png */ = {isa = PBXFileReference; lastKnownFileType = image.png; path = 7d9be00e2a1d369e2ed3190effb1bc94c93925b3.png; sourceTree = "<group>"; };
		DEA1EDEB2187458E0045B209 /* c4688636e7f7f6152dc6b9f8132a20d6a20126d7.png */ = {isa = PBXFileReference; lastKnownFileType = image.png; path = c4688636e7f7f6152dc6b9f8132a20d6a20126d7.png; sourceTree = "<group>"; };
		DEA1EDED2187458E0045B209 /* 582406fbee448cf81164aa9aec9b2fdb01ca7041.png */ = {isa = PBXFileReference; lastKnownFileType = image.png; path = 582406fbee448cf81164aa9aec9b2fdb01ca7041.png; sourceTree = "<group>"; };
		DEA1EDEF2187458E0045B209 /* 6ff84acc679ad5ac16eae717f5f9a1323fdd0f60.png */ = {isa = PBXFileReference; lastKnownFileType = image.png; path = 6ff84acc679ad5ac16eae717f5f9a1323fdd0f60.png; sourceTree = "<group>"; };
		DEA1EDF02187458E0045B209 /* 58a2a6546178b0b214c0703e80ec6b7089023b22.png */ = {isa = PBXFileReference; lastKnownFileType = image.png; path = 58a2a6546178b0b214c0703e80ec6b7089023b22.png; sourceTree = "<group>"; };
		DEA1EDF12187458F0045B209 /* b4bd79b7c7da3c936bf8c776db696512c4161007.png */ = {isa = PBXFileReference; lastKnownFileType = image.png; path = b4bd79b7c7da3c936bf8c776db696512c4161007.png; sourceTree = "<group>"; };
		DEA1EDF22187458F0045B209 /* 3b52dc77e29cf911248251f9eba12b32a19c00ee.png */ = {isa = PBXFileReference; lastKnownFileType = image.png; path = 3b52dc77e29cf911248251f9eba12b32a19c00ee.png; sourceTree = "<group>"; };
		DEA1EE03218745C20045B209 /* 51f0c73a5967c7568ba5dd2dc6838dcdf4fcf0ad.png */ = {isa = PBXFileReference; lastKnownFileType = image.png; path = 51f0c73a5967c7568ba5dd2dc6838dcdf4fcf0ad.png; sourceTree = "<group>"; };
		DEA1EE11218750D20045B209 /* TestingManager.swift */ = {isa = PBXFileReference; lastKnownFileType = sourcecode.swift; path = TestingManager.swift; sourceTree = "<group>"; tabWidth = 4; };
		DEAF97CD217A694D0018BFDF /* Acknowledgements.plist */ = {isa = PBXFileReference; fileEncoding = 4; lastKnownFileType = text.plist.xml; path = Acknowledgements.plist; sourceTree = "<group>"; };
		DEB7392D21676CA50056E178 /* ImportExtension.appex */ = {isa = PBXFileReference; explicitFileType = "wrapper.app-extension"; includeInIndex = 0; path = ImportExtension.appex; sourceTree = BUILT_PRODUCTS_DIR; };
		DEB7392F21676CA50056E178 /* ShareViewController.swift */ = {isa = PBXFileReference; lastKnownFileType = sourcecode.swift; path = ShareViewController.swift; sourceTree = "<group>"; };
		DEB7393421676CA50056E178 /* Info.plist */ = {isa = PBXFileReference; lastKnownFileType = text.plist.xml; path = Info.plist; sourceTree = "<group>"; };
		DEB739702169F2380056E178 /* WishApp.entitlements */ = {isa = PBXFileReference; lastKnownFileType = text.plist.entitlements; path = WishApp.entitlements; sourceTree = "<group>"; };
		DEB73972216A0ECB0056E178 /* DatabaseManager.swift */ = {isa = PBXFileReference; lastKnownFileType = sourcecode.swift; path = DatabaseManager.swift; sourceTree = "<group>"; };
		DEB73975216A14850056E178 /* WishListItem.swift */ = {isa = PBXFileReference; lastKnownFileType = sourcecode.swift; path = WishListItem.swift; sourceTree = "<group>"; };
		DEB73978216A164A0056E178 /* ImportExtension.entitlements */ = {isa = PBXFileReference; lastKnownFileType = text.plist.entitlements; path = ImportExtension.entitlements; sourceTree = "<group>"; };
		DEB73979216A20A20056E178 /* ImportManager.swift */ = {isa = PBXFileReference; lastKnownFileType = sourcecode.swift; path = ImportManager.swift; sourceTree = "<group>"; };
		DEB7397C216A229C0056E178 /* URLApp.swift */ = {isa = PBXFileReference; lastKnownFileType = sourcecode.swift; path = URLApp.swift; sourceTree = "<group>"; };
		DEB7397E216A241E0056E178 /* AppStoreURLResponse.swift */ = {isa = PBXFileReference; lastKnownFileType = sourcecode.swift; path = AppStoreURLResponse.swift; sourceTree = "<group>"; };
		DEB73983216A2A890056E178 /* ImageManager.swift */ = {isa = PBXFileReference; lastKnownFileType = sourcecode.swift; path = ImageManager.swift; sourceTree = "<group>"; };
		DEB73987216AC0180056E178 /* WishApp-Swift.h */ = {isa = PBXFileReference; lastKnownFileType = sourcecode.c.h; path = "WishApp-Swift.h"; sourceTree = "<group>"; };
		DEB7398B216AC9E30056E178 /* WishListItemTableViewCell.swift */ = {isa = PBXFileReference; lastKnownFileType = sourcecode.swift; path = WishListItemTableViewCell.swift; sourceTree = "<group>"; };
		DEB7398D216B61670056E178 /* UIColorExtension.swift */ = {isa = PBXFileReference; lastKnownFileType = sourcecode.swift; path = UIColorExtension.swift; sourceTree = "<group>"; };
		DEB73998216BCB920056E178 /* en */ = {isa = PBXFileReference; lastKnownFileType = text.plist.strings; name = en; path = en.lproj/Localizable.strings; sourceTree = "<group>"; };
		DEB89B0121825ABF00139C48 /* DefaultsKeysExtension.swift */ = {isa = PBXFileReference; lastKnownFileType = sourcecode.swift; path = DefaultsKeysExtension.swift; sourceTree = "<group>"; };
		DEB89B0321825AFD00139C48 /* SettingsManager.swift */ = {isa = PBXFileReference; lastKnownFileType = sourcecode.swift; path = SettingsManager.swift; sourceTree = "<group>"; };
		DEB89B092182731A00139C48 /* MainInterface.storyboard */ = {isa = PBXFileReference; fileEncoding = 4; lastKnownFileType = file.storyboard; path = MainInterface.storyboard; sourceTree = "<group>"; };
		DEB89B0B2183170500139C48 /* Assets.xcassets */ = {isa = PBXFileReference; lastKnownFileType = folder.assetcatalog; path = Assets.xcassets; sourceTree = "<group>"; };
/* End PBXFileReference section */

/* Begin PBXFrameworksBuildPhase section */
		DE02E45F2167640300DBD0A1 /* Frameworks */ = {
			isa = PBXFrameworksBuildPhase;
			buildActionMask = 2147483647;
			files = (
				DE0F0AC2218DD79B00F1F067 /* Realm.framework in Frameworks */,
				A861C2367C0D577F9CCDE45D /* Pods_WishApp.framework in Frameworks */,
				DE0F0AC4218DD79B00F1F067 /* RealmSwift.framework in Frameworks */,
			);
			runOnlyForDeploymentPostprocessing = 0;
		};
		DE7421B92187782B003D379B /* Frameworks */ = {
			isa = PBXFrameworksBuildPhase;
			buildActionMask = 2147483647;
			files = (
				A4569E61C46AD6F4B952FC61 /* Pods_WishApp_WishAppUITests.framework in Frameworks */,
			);
			runOnlyForDeploymentPostprocessing = 0;
		};
		DEB7392A21676CA50056E178 /* Frameworks */ = {
			isa = PBXFrameworksBuildPhase;
			buildActionMask = 2147483647;
			files = (
			);
			runOnlyForDeploymentPostprocessing = 0;
		};
/* End PBXFrameworksBuildPhase section */

/* Begin PBXGroup section */
		678EAE94E3D77F9430BD0C8B /* Frameworks */ = {
			isa = PBXGroup;
			children = (
				944DFC002F51B2100E014727 /* Pods_WishApp.framework */,
				285663BB454B60CCCB8E22DD /* Pods_ImportExtension.framework */,
				3EE2CC121FC820D088554A4D /* Pods_WishApp_WishAppUITests.framework */,
			);
			name = Frameworks;
			sourceTree = "<group>";
		};
		DE02E4592167640300DBD0A1 = {
			isa = PBXGroup;
			children = (
				DE0843B6218DCE03007187C6 /* Realm */,
				DEB73987216AC0180056E178 /* WishApp-Swift.h */,
				DE02E4642167640300DBD0A1 /* WishApp */,
				DEB7392E21676CA50056E178 /* ImportExtension */,
				DE7421BD2187782B003D379B /* WishAppUITests */,
				DE02E4632167640300DBD0A1 /* Products */,
				E3B77CFB506B2BD1F45C3214 /* Pods */,
				678EAE94E3D77F9430BD0C8B /* Frameworks */,
			);
			sourceTree = "<group>";
		};
		DE02E4632167640300DBD0A1 /* Products */ = {
			isa = PBXGroup;
			children = (
				DE02E4622167640300DBD0A1 /* WishApp.app */,
				DEB7392D21676CA50056E178 /* ImportExtension.appex */,
				DE7421BC2187782B003D379B /* WishAppUITests.xctest */,
			);
			name = Products;
			sourceTree = "<group>";
		};
		DE02E4642167640300DBD0A1 /* WishApp */ = {
			isa = PBXGroup;
			children = (
				DEB739702169F2380056E178 /* WishApp.entitlements */,
				DE02E4652167640300DBD0A1 /* AppDelegate.swift */,
				DE57A44D21789010008EDBAA /* API */,
				DE1D80E82185BCD3003C49DE /* Enums */,
				DE02E47B2167671A00DBD0A1 /* Extensions */,
				DEB73971216A0EBE0056E178 /* Manager */,
				DE02E47A2167668C00DBD0A1 /* Objects */,
				DE0843B7218DCE25007187C6 /* PodLicensing */,
				DE57A4622178A49F008EDBAA /* Protocols */,
				DEB7397B216A228A0056E178 /* Structs */,
				DEA1EDE1218745430045B209 /* Testing */,
				DEB7398A216AC9C90056E178 /* Views */,
				DE02E479216765D600DBD0A1 /* ViewControllers */,
				DE02E4692167640300DBD0A1 /* Main.storyboard */,
				DE02E46C2167640500DBD0A1 /* Assets.xcassets */,
				DE02E46E2167640500DBD0A1 /* LaunchScreen.storyboard */,
				DE02E4712167640500DBD0A1 /* Info.plist */,
				DEAF97CD217A694D0018BFDF /* Acknowledgements.plist */,
				DE28F378218DD93B00763104 /* Realm.plist */,
				DEB73999216BCB920056E178 /* Localizable.strings */,
			);
			path = WishApp;
			sourceTree = "<group>";
		};
		DE02E479216765D600DBD0A1 /* ViewControllers */ = {
			isa = PBXGroup;
			children = (
				DE523A5121709EB900436459 /* InfoTableViewController.swift */,
				DE57A44A21788EC9008EDBAA /* SearchTableViewController.swift */,
				DE1D80EE2185C048003C49DE /* SelectListViewController.swift */,
				DE02E477216765CD00DBD0A1 /* WishListTableViewController.swift */,
			);
			path = ViewControllers;
			sourceTree = "<group>";
		};
		DE02E47A2167668C00DBD0A1 /* Objects */ = {
			isa = PBXGroup;
			children = (
				DEB73975216A14850056E178 /* WishListItem.swift */,
			);
			path = Objects;
			sourceTree = "<group>";
		};
		DE02E47B2167671A00DBD0A1 /* Extensions */ = {
			isa = PBXGroup;
			children = (
				DEB7398D216B61670056E178 /* UIColorExtension.swift */,
				DEB89B0121825ABF00139C48 /* DefaultsKeysExtension.swift */,
				DE1D80F42185C77C003C49DE /* NotificationNames.swift */,
				DE02E47C2167672A00DBD0A1 /* StringExtension.swift */,
			);
			path = Extensions;
			sourceTree = "<group>";
		};
		DE0843B6218DCE03007187C6 /* Realm */ = {
			isa = PBXGroup;
			children = (
				DE0843AE218C85DC007187C6 /* Realm.framework */,
				DE0843AF218C85DD007187C6 /* RealmSwift.framework */,
			);
			name = Realm;
			sourceTree = "<group>";
		};
		DE0843B7218DCE25007187C6 /* PodLicensing */ = {
			isa = PBXGroup;
			children = (
				DE0843BC218DCEEB007187C6 /* PodAck.swift */,
				DE0843BA218DCE68007187C6 /* PodLicense.swift */,
				DE0843B8218DCE5A007187C6 /* PodLicensingViewController.swift */,
			);
			path = PodLicensing;
			sourceTree = "<group>";
		};
		DE1D80E82185BCD3003C49DE /* Enums */ = {
			isa = PBXGroup;
			children = (
				DE1D80E92185BCED003C49DE /* SortOption.swift */,
			);
			path = Enums;
			sourceTree = "<group>";
		};
		DE57A44221779BD8008EDBAA /* TableViewCells */ = {
			isa = PBXGroup;
			children = (
				DE57A44321779BFF008EDBAA /* CreditsTableViewCell.swift */,
				DE1D80EC2185BEAB003C49DE /* SettingsTableViewCell.swift */,
				DE1D80F22185C593003C49DE /* SelectListTableViewCell.swift */,
				DEB7398B216AC9E30056E178 /* WishListItemTableViewCell.swift */,
			);
			path = TableViewCells;
			sourceTree = "<group>";
		};
		DE57A44D21789010008EDBAA /* API */ = {
			isa = PBXGroup;
			children = (
				DE57A44E21789021008EDBAA /* iTunesSearchAPI.swift */,
			);
			path = API;
			sourceTree = "<group>";
		};
		DE57A45021789066008EDBAA /* iTunes */ = {
			isa = PBXGroup;
			children = (
				DE8DAA54218A397D00C2E2A5 /* Apps */,
				DEB7397E216A241E0056E178 /* AppStoreURLResponse.swift */,
				DE57A45121789085008EDBAA /* AppSearchResult.swift */,
			);
			path = iTunes;
			sourceTree = "<group>";
		};
		DE57A4622178A49F008EDBAA /* Protocols */ = {
			isa = PBXGroup;
			children = (
				DE57A4632178A4FE008EDBAA /* WishListable.swift */,
			);
			path = Protocols;
			sourceTree = "<group>";
		};
		DE7421BD2187782B003D379B /* WishAppUITests */ = {
			isa = PBXGroup;
			children = (
				DE7421C62187787A003D379B /* SnapshotHelper.swift */,
				DE7421BE2187782B003D379B /* WishAppUITests.swift */,
				DE7421C02187782B003D379B /* Info.plist */,
			);
			path = WishAppUITests;
			sourceTree = "<group>";
		};
		DE8DAA54218A397D00C2E2A5 /* Apps */ = {
			isa = PBXGroup;
			children = (
				DE57A45621789615008EDBAA /* App.swift */,
				DEB7397C216A229C0056E178 /* URLApp.swift */,
				DE8DAA51218A30A300C2E2A5 /* iTunesApp.swift */,
			);
			path = Apps;
			sourceTree = "<group>";
		};
		DEA1EDE1218745430045B209 /* Testing */ = {
			isa = PBXGroup;
			children = (
				DEA1EDE6218745720045B209 /* Icons */,
				DEA1EDE32187456A0045B209 /* Testing.realm */,
			);
			path = Testing;
			sourceTree = "<group>";
		};
		DEA1EDE6218745720045B209 /* Icons */ = {
			isa = PBXGroup;
			children = (
				DEA1EDF22187458F0045B209 /* 3b52dc77e29cf911248251f9eba12b32a19c00ee.png */,
				DEA1EDEF2187458E0045B209 /* 6ff84acc679ad5ac16eae717f5f9a1323fdd0f60.png */,
				DEA1EDE82187458E0045B209 /* 7d9be00e2a1d369e2ed3190effb1bc94c93925b3.png */,
				DEA1EE03218745C20045B209 /* 51f0c73a5967c7568ba5dd2dc6838dcdf4fcf0ad.png */,
				DEA1EDF02187458E0045B209 /* 58a2a6546178b0b214c0703e80ec6b7089023b22.png */,
				DEA1EDED2187458E0045B209 /* 582406fbee448cf81164aa9aec9b2fdb01ca7041.png */,
				DEA1EDE72187458E0045B209 /* 372597141247a834d306c218cd70c6d6a4fe6e31.png */,
				DEA1EDF12187458F0045B209 /* b4bd79b7c7da3c936bf8c776db696512c4161007.png */,
				DEA1EDEB2187458E0045B209 /* c4688636e7f7f6152dc6b9f8132a20d6a20126d7.png */,
			);
			path = Icons;
			sourceTree = "<group>";
		};
		DEB7392E21676CA50056E178 /* ImportExtension */ = {
			isa = PBXGroup;
			children = (
				DEB73978216A164A0056E178 /* ImportExtension.entitlements */,
				DEB7392F21676CA50056E178 /* ShareViewController.swift */,
				DEB89B092182731A00139C48 /* MainInterface.storyboard */,
				DEB7393421676CA50056E178 /* Info.plist */,
				DEB89B0B2183170500139C48 /* Assets.xcassets */,
			);
			path = ImportExtension;
			sourceTree = "<group>";
		};
		DEB73971216A0EBE0056E178 /* Manager */ = {
			isa = PBXGroup;
			children = (
				DEB73972216A0ECB0056E178 /* DatabaseManager.swift */,
				DEB73983216A2A890056E178 /* ImageManager.swift */,
				DEB73979216A20A20056E178 /* ImportManager.swift */,
				DEB89B0321825AFD00139C48 /* SettingsManager.swift */,
				DEA1EE11218750D20045B209 /* TestingManager.swift */,
			);
			path = Manager;
			sourceTree = "<group>";
		};
		DEB7397B216A228A0056E178 /* Structs */ = {
			isa = PBXGroup;
			children = (
				DE57A45021789066008EDBAA /* iTunes */,
				DE57A4482177AE59008EDBAA /* WishApp.swift */,
			);
			path = Structs;
			sourceTree = "<group>";
		};
		DEB7398A216AC9C90056E178 /* Views */ = {
			isa = PBXGroup;
			children = (
				DE57A44221779BD8008EDBAA /* TableViewCells */,
				DE57A4452177AB18008EDBAA /* InfoHeaderView.swift */,
			);
			path = Views;
			sourceTree = "<group>";
		};
		E3B77CFB506B2BD1F45C3214 /* Pods */ = {
			isa = PBXGroup;
			children = (
				22B94F8129FF16BDC31D28A1 /* Pods-WishApp.debug.xcconfig */,
				67055DB79C6E688DECAEE47E /* Pods-WishApp.release.xcconfig */,
				38A30F051CD7F610B8404191 /* Pods-WishApp-ImportExtension.debug.xcconfig */,
				58449BDCAFEC416A8E3CBFA6 /* Pods-WishApp-ImportExtension.release.xcconfig */,
				0295BC2EAC2AFBC14AB90870 /* Pods-WishApp-WishAppUITests.debug.xcconfig */,
				6D3CAA0E4C0CEB0400CFB269 /* Pods-WishApp-WishAppUITests.release.xcconfig */,
			);
			name = Pods;
			sourceTree = "<group>";
		};
/* End PBXGroup section */

/* Begin PBXNativeTarget section */
		DE02E4612167640300DBD0A1 /* WishApp */ = {
			isa = PBXNativeTarget;
			buildConfigurationList = DE02E4742167640500DBD0A1 /* Build configuration list for PBXNativeTarget "WishApp" */;
			buildPhases = (
				859DEBF43FD171D437EA1257 /* [CP] Check Pods Manifest.lock */,
				DE7421D52187B1B7003D379B /* Increase Version Number */,
				DE02E45E2167640300DBD0A1 /* Sources */,
				DE02E45F2167640300DBD0A1 /* Frameworks */,
				DEA1EE05218746740045B209 /* Copy Testing Data if needed */,
				DE02E4602167640300DBD0A1 /* Resources */,
				DEB7393B21676CA50056E178 /* Embed App Extensions */,
				9DFFF2D97F88D1909D6EC2E3 /* [CP] Embed Pods Frameworks */,
				DE0F0AC6218DD79C00F1F067 /* Embed Frameworks */,
				DE0843B5218C8619007187C6 /* ShellScript */,
			);
			buildRules = (
			);
			dependencies = (
				DEB7393621676CA50056E178 /* PBXTargetDependency */,
			);
			name = WishApp;
			productName = WishApp;
			productReference = DE02E4622167640300DBD0A1 /* WishApp.app */;
			productType = "com.apple.product-type.application";
		};
		DE7421BB2187782B003D379B /* WishAppUITests */ = {
			isa = PBXNativeTarget;
			buildConfigurationList = DE7421C52187782B003D379B /* Build configuration list for PBXNativeTarget "WishAppUITests" */;
			buildPhases = (
				70DB356845FEBC4384CCE523 /* [CP] Check Pods Manifest.lock */,
				DE7421B82187782B003D379B /* Sources */,
				DE7421B92187782B003D379B /* Frameworks */,
				DE7421BA2187782B003D379B /* Resources */,
				7B6FD7445A7AFF6A82736805 /* [CP] Embed Pods Frameworks */,
			);
			buildRules = (
			);
			dependencies = (
				DE7421C22187782B003D379B /* PBXTargetDependency */,
			);
			name = WishAppUITests;
			productName = WishAppUITests;
			productReference = DE7421BC2187782B003D379B /* WishAppUITests.xctest */;
			productType = "com.apple.product-type.bundle.ui-testing";
		};
		DEB7392C21676CA50056E178 /* ImportExtension */ = {
			isa = PBXNativeTarget;
			buildConfigurationList = DEB7393821676CA50056E178 /* Build configuration list for PBXNativeTarget "ImportExtension" */;
			buildPhases = (
				DE28F37B218E24B300763104 /* Increase Version Number */,
				DEB7392921676CA50056E178 /* Sources */,
				DEB7392A21676CA50056E178 /* Frameworks */,
				DEB7392B21676CA50056E178 /* Resources */,
			);
			buildRules = (
			);
			dependencies = (
			);
			name = ImportExtension;
			productName = ImportExtension;
			productReference = DEB7392D21676CA50056E178 /* ImportExtension.appex */;
			productType = "com.apple.product-type.app-extension";
		};
/* End PBXNativeTarget section */

/* Begin PBXProject section */
		DE02E45A2167640300DBD0A1 /* Project object */ = {
			isa = PBXProject;
			attributes = {
				LastSwiftUpdateCheck = 1000;
				LastUpgradeCheck = 1000;
				ORGANIZATIONNAME = "Janosch Hübner";
				TargetAttributes = {
					DE02E4612167640300DBD0A1 = {
						CreatedOnToolsVersion = 10.0;
						SystemCapabilities = {
							com.apple.ApplicationGroups.iOS = {
								enabled = 1;
							};
						};
					};
					DE7421BB2187782B003D379B = {
						CreatedOnToolsVersion = 10.0;
						TestTargetID = DE02E4612167640300DBD0A1;
					};
					DEB7392C21676CA50056E178 = {
						CreatedOnToolsVersion = 10.0;
						SystemCapabilities = {
							com.apple.ApplicationGroups.iOS = {
								enabled = 1;
							};
						};
					};
				};
			};
			buildConfigurationList = DE02E45D2167640300DBD0A1 /* Build configuration list for PBXProject "WishApp" */;
			compatibilityVersion = "Xcode 9.3";
			developmentRegion = en;
			hasScannedForEncodings = 0;
			knownRegions = (
				en,
				Base,
			);
			mainGroup = DE02E4592167640300DBD0A1;
			productRefGroup = DE02E4632167640300DBD0A1 /* Products */;
			projectDirPath = "";
			projectRoot = "";
			targets = (
				DE02E4612167640300DBD0A1 /* WishApp */,
				DEB7392C21676CA50056E178 /* ImportExtension */,
				DE7421BB2187782B003D379B /* WishAppUITests */,
			);
		};
/* End PBXProject section */

/* Begin PBXResourcesBuildPhase section */
		DE02E4602167640300DBD0A1 /* Resources */ = {
			isa = PBXResourcesBuildPhase;
			buildActionMask = 2147483647;
			files = (
				DEAF97CE217A694E0018BFDF /* Acknowledgements.plist in Resources */,
				DE02E4702167640500DBD0A1 /* LaunchScreen.storyboard in Resources */,
				DE28F379218DD93B00763104 /* Realm.plist in Resources */,
				DEB73996216BCB920056E178 /* Localizable.strings in Resources */,
				DE02E46D2167640500DBD0A1 /* Assets.xcassets in Resources */,
				DE02E46B2167640300DBD0A1 /* Main.storyboard in Resources */,
			);
			runOnlyForDeploymentPostprocessing = 0;
		};
		DE7421BA2187782B003D379B /* Resources */ = {
			isa = PBXResourcesBuildPhase;
			buildActionMask = 2147483647;
			files = (
			);
			runOnlyForDeploymentPostprocessing = 0;
		};
		DEB7392B21676CA50056E178 /* Resources */ = {
			isa = PBXResourcesBuildPhase;
			buildActionMask = 2147483647;
			files = (
				DEB73997216BCB920056E178 /* Localizable.strings in Resources */,
				DEB89B0C2183170500139C48 /* Assets.xcassets in Resources */,
				DEB89B0A2182731A00139C48 /* MainInterface.storyboard in Resources */,
			);
			runOnlyForDeploymentPostprocessing = 0;
		};
/* End PBXResourcesBuildPhase section */

/* Begin PBXShellScriptBuildPhase section */
		70DB356845FEBC4384CCE523 /* [CP] Check Pods Manifest.lock */ = {
			isa = PBXShellScriptBuildPhase;
			buildActionMask = 2147483647;
			files = (
			);
			inputFileListPaths = (
			);
			inputPaths = (
				"${PODS_PODFILE_DIR_PATH}/Podfile.lock",
				"${PODS_ROOT}/Manifest.lock",
			);
			name = "[CP] Check Pods Manifest.lock";
			outputFileListPaths = (
			);
			outputPaths = (
				"$(DERIVED_FILE_DIR)/Pods-WishApp-WishAppUITests-checkManifestLockResult.txt",
			);
			runOnlyForDeploymentPostprocessing = 0;
			shellPath = /bin/sh;
			shellScript = "diff \"${PODS_PODFILE_DIR_PATH}/Podfile.lock\" \"${PODS_ROOT}/Manifest.lock\" > /dev/null\nif [ $? != 0 ] ; then\n    # print error to STDERR\n    echo \"error: The sandbox is not in sync with the Podfile.lock. Run 'pod install' or update your CocoaPods installation.\" >&2\n    exit 1\nfi\n# This output is used by Xcode 'outputs' to avoid re-running this script phase.\necho \"SUCCESS\" > \"${SCRIPT_OUTPUT_FILE_0}\"\n";
			showEnvVarsInLog = 0;
		};
		7B6FD7445A7AFF6A82736805 /* [CP] Embed Pods Frameworks */ = {
			isa = PBXShellScriptBuildPhase;
			buildActionMask = 2147483647;
			files = (
			);
			inputFileListPaths = (
			);
			inputPaths = (
				"${SRCROOT}/Pods/Target Support Files/Pods-WishApp-WishAppUITests/Pods-WishApp-WishAppUITests-frameworks.sh",
				"${BUILT_PRODUCTS_DIR}/MBProgressHUD/MBProgressHUD.framework",
				"${BUILT_PRODUCTS_DIR}/SDWebImage/SDWebImage.framework",
				"${BUILT_PRODUCTS_DIR}/SwiftyUserDefaults/SwiftyUserDefaults.framework",
				"${BUILT_PRODUCTS_DIR}/SimulatorStatusMagic/SimulatorStatusMagic.framework",
			);
			name = "[CP] Embed Pods Frameworks";
			outputFileListPaths = (
			);
			outputPaths = (
				"${TARGET_BUILD_DIR}/${FRAMEWORKS_FOLDER_PATH}/MBProgressHUD.framework",
				"${TARGET_BUILD_DIR}/${FRAMEWORKS_FOLDER_PATH}/SDWebImage.framework",
				"${TARGET_BUILD_DIR}/${FRAMEWORKS_FOLDER_PATH}/SwiftyUserDefaults.framework",
				"${TARGET_BUILD_DIR}/${FRAMEWORKS_FOLDER_PATH}/SimulatorStatusMagic.framework",
			);
			runOnlyForDeploymentPostprocessing = 0;
			shellPath = /bin/sh;
			shellScript = "\"${SRCROOT}/Pods/Target Support Files/Pods-WishApp-WishAppUITests/Pods-WishApp-WishAppUITests-frameworks.sh\"\n";
			showEnvVarsInLog = 0;
		};
		859DEBF43FD171D437EA1257 /* [CP] Check Pods Manifest.lock */ = {
			isa = PBXShellScriptBuildPhase;
			buildActionMask = 2147483647;
			files = (
			);
			inputFileListPaths = (
			);
			inputPaths = (
				"${PODS_PODFILE_DIR_PATH}/Podfile.lock",
				"${PODS_ROOT}/Manifest.lock",
			);
			name = "[CP] Check Pods Manifest.lock";
			outputFileListPaths = (
			);
			outputPaths = (
				"$(DERIVED_FILE_DIR)/Pods-WishApp-checkManifestLockResult.txt",
			);
			runOnlyForDeploymentPostprocessing = 0;
			shellPath = /bin/sh;
			shellScript = "diff \"${PODS_PODFILE_DIR_PATH}/Podfile.lock\" \"${PODS_ROOT}/Manifest.lock\" > /dev/null\nif [ $? != 0 ] ; then\n    # print error to STDERR\n    echo \"error: The sandbox is not in sync with the Podfile.lock. Run 'pod install' or update your CocoaPods installation.\" >&2\n    exit 1\nfi\n# This output is used by Xcode 'outputs' to avoid re-running this script phase.\necho \"SUCCESS\" > \"${SCRIPT_OUTPUT_FILE_0}\"\n";
			showEnvVarsInLog = 0;
		};
		9DFFF2D97F88D1909D6EC2E3 /* [CP] Embed Pods Frameworks */ = {
			isa = PBXShellScriptBuildPhase;
			buildActionMask = 2147483647;
			files = (
			);
			inputFileListPaths = (
			);
			inputPaths = (
				"${SRCROOT}/Pods/Target Support Files/Pods-WishApp/Pods-WishApp-frameworks.sh",
				"${BUILT_PRODUCTS_DIR}/MBProgressHUD/MBProgressHUD.framework",
				"${BUILT_PRODUCTS_DIR}/SDWebImage/SDWebImage.framework",
				"${BUILT_PRODUCTS_DIR}/SwiftyUserDefaults/SwiftyUserDefaults.framework",
			);
			name = "[CP] Embed Pods Frameworks";
			outputFileListPaths = (
			);
			outputPaths = (
				"${TARGET_BUILD_DIR}/${FRAMEWORKS_FOLDER_PATH}/MBProgressHUD.framework",
				"${TARGET_BUILD_DIR}/${FRAMEWORKS_FOLDER_PATH}/SDWebImage.framework",
				"${TARGET_BUILD_DIR}/${FRAMEWORKS_FOLDER_PATH}/SwiftyUserDefaults.framework",
			);
			runOnlyForDeploymentPostprocessing = 0;
			shellPath = /bin/sh;
			shellScript = "\"${SRCROOT}/Pods/Target Support Files/Pods-WishApp/Pods-WishApp-frameworks.sh\"\n";
			showEnvVarsInLog = 0;
		};
		DE0843B5218C8619007187C6 /* ShellScript */ = {
			isa = PBXShellScriptBuildPhase;
			buildActionMask = 2147483647;
			files = (
			);
			inputFileListPaths = (
			);
			inputPaths = (
			);
			outputFileListPaths = (
			);
			outputPaths = (
			);
			runOnlyForDeploymentPostprocessing = 0;
			shellPath = /bin/sh;
			shellScript = "# Type a script or drag a script file from your workspace to insert its path.\nbash \"${BUILT_PRODUCTS_DIR}/${FRAMEWORKS_FOLDER_PATH}/Realm.framework/strip-frameworks.sh\"\n";
		};
		DE28F37B218E24B300763104 /* Increase Version Number */ = {
			isa = PBXShellScriptBuildPhase;
			buildActionMask = 8;
			files = (
			);
			inputFileListPaths = (
			);
			inputPaths = (
			);
			name = "Increase Version Number";
			outputFileListPaths = (
			);
			outputPaths = (
			);
			runOnlyForDeploymentPostprocessing = 1;
			shellPath = /bin/sh;
			shellScript = "# Type a script or drag a script file from your workspace to insert its path.\nbuildNumber=$(/usr/libexec/PlistBuddy -c \"Print CFBundleVersion\" \"${PROJECT_DIR}/${INFOPLIST_FILE}\")\nbuildNumber=$(($buildNumber + 1))\n/usr/libexec/PlistBuddy -c \"Set :CFBundleVersion $buildNumber\" \"${PROJECT_DIR}/${INFOPLIST_FILE}\"\n";
		};
		DE7421D52187B1B7003D379B /* Increase Version Number */ = {
			isa = PBXShellScriptBuildPhase;
			buildActionMask = 8;
			files = (
			);
			inputFileListPaths = (
			);
			inputPaths = (
			);
			name = "Increase Version Number";
			outputFileListPaths = (
			);
			outputPaths = (
			);
			runOnlyForDeploymentPostprocessing = 1;
			shellPath = /bin/sh;
			shellScript = "buildNumber=$(/usr/libexec/PlistBuddy -c \"Print CFBundleVersion\" \"${PROJECT_DIR}/${INFOPLIST_FILE}\")\nbuildNumber=$(($buildNumber + 1))\n/usr/libexec/PlistBuddy -c \"Set :CFBundleVersion $buildNumber\" \"${PROJECT_DIR}/${INFOPLIST_FILE}\"\n";
		};
		DEA1EE05218746740045B209 /* Copy Testing Data if needed */ = {
			isa = PBXShellScriptBuildPhase;
			buildActionMask = 2147483647;
			files = (
			);
			inputFileListPaths = (
			);
			inputPaths = (
			);
			name = "Copy Testing Data if needed";
			outputFileListPaths = (
			);
			outputPaths = (
			);
			runOnlyForDeploymentPostprocessing = 0;
			shellPath = /bin/sh;
			shellScript = "echo \"Checking if we should copy testing data: ${WISH_APP_TESTING}\"\ntest_target_path=\"${BUILT_PRODUCTS_DIR}/${PRODUCT_NAME}.app/Testing\"\ntest_data_path=\"${PROJECT_DIR}/WishApp/Testing\"\nif [ \"${WISH_APP_TESTING}\" == \"YES\" ]; then\necho \"Creating Icons Folder\"\nmkdir -p \"$test_target_path/Icons\"\necho \"Copying Icons\"\ncp -rf \"$test_data_path/Icons\" \"$test_target_path\"\necho \"Copying Testing Data\"\ncp -f \"$test_data_path/Testing.realm\" \"$test_target_path/Testing.realm\"\necho \"Copying done\"\nelif [ \"${WISH_APP_TESTING}\" == \"NO\" ]; then\nif [ -d \"$test_target_path\" ]; then\necho \"Removing Test Data\"\nrm -rf \"$test_target_path\"\nfi\nfi\n";
		};
/* End PBXShellScriptBuildPhase section */

/* Begin PBXSourcesBuildPhase section */
		DE02E45E2167640300DBD0A1 /* Sources */ = {
			isa = PBXSourcesBuildPhase;
			buildActionMask = 2147483647;
			files = (
				DE57A44F21789021008EDBAA /* iTunesSearchAPI.swift in Sources */,
				DEB7397A216A20A20056E178 /* ImportManager.swift in Sources */,
				DEB73973216A0ECB0056E178 /* DatabaseManager.swift in Sources */,
				DE1D80F32185C593003C49DE /* SelectListTableViewCell.swift in Sources */,
				DE0843B9218DCE5A007187C6 /* PodLicensingViewController.swift in Sources */,
				DE57A45721789615008EDBAA /* App.swift in Sources */,
				DE57A4642178A4FE008EDBAA /* WishListable.swift in Sources */,
				DE02E478216765CD00DBD0A1 /* WishListTableViewController.swift in Sources */,
				DE57A4462177AB18008EDBAA /* InfoHeaderView.swift in Sources */,
				DEB73984216A2A890056E178 /* ImageManager.swift in Sources */,
				DE0843BB218DCE68007187C6 /* PodLicense.swift in Sources */,
				DE57A45221789085008EDBAA /* AppSearchResult.swift in Sources */,
				DE57A4492177AE59008EDBAA /* WishApp.swift in Sources */,
				DE1D80EF2185C048003C49DE /* SelectListViewController.swift in Sources */,
				DEA1EE12218750D20045B209 /* TestingManager.swift in Sources */,
				DEB89B0221825ABF00139C48 /* DefaultsKeysExtension.swift in Sources */,
				DE02E4662167640300DBD0A1 /* AppDelegate.swift in Sources */,
				DE1D80EA2185BCED003C49DE /* SortOption.swift in Sources */,
				DE1D80ED2185BEAB003C49DE /* SettingsTableViewCell.swift in Sources */,
				DE57A44B21788EC9008EDBAA /* SearchTableViewController.swift in Sources */,
				DE8DAA52218A30A300C2E2A5 /* iTunesApp.swift in Sources */,
				DEB7397F216A241E0056E178 /* AppStoreURLResponse.swift in Sources */,
				DEB73976216A14850056E178 /* WishListItem.swift in Sources */,
				DEB7398C216AC9E30056E178 /* WishListItemTableViewCell.swift in Sources */,
				DEB7398E216B61670056E178 /* UIColorExtension.swift in Sources */,
				DE0843BD218DCEEB007187C6 /* PodAck.swift in Sources */,
				DEB7397D216A229C0056E178 /* URLApp.swift in Sources */,
				DE523A5221709EB900436459 /* InfoTableViewController.swift in Sources */,
				DE02E47D2167672A00DBD0A1 /* StringExtension.swift in Sources */,
				DE1D80F52185C77C003C49DE /* NotificationNames.swift in Sources */,
				DEB89B0421825AFD00139C48 /* SettingsManager.swift in Sources */,
				DE57A44421779BFF008EDBAA /* CreditsTableViewCell.swift in Sources */,
			);
			runOnlyForDeploymentPostprocessing = 0;
		};
		DE7421B82187782B003D379B /* Sources */ = {
			isa = PBXSourcesBuildPhase;
			buildActionMask = 2147483647;
			files = (
				DEE55DBF218F410300F23BFD /* WishListable.swift in Sources */,
				DE7421BF2187782B003D379B /* WishAppUITests.swift in Sources */,
				DEE55DBC218F3F2300F23BFD /* URLApp.swift in Sources */,
				DEE55DBB218F3F1E00F23BFD /* App.swift in Sources */,
				DEE55DBE218F3F6D00F23BFD /* AppSearchResult.swift in Sources */,
				DEE55DBD218F3F2B00F23BFD /* iTunesApp.swift in Sources */,
				DE7421C82187787E003D379B /* SnapshotHelper.swift in Sources */,
				DEE55DBA218F3F1100F23BFD /* iTunesSearchAPI.swift in Sources */,
			);
			runOnlyForDeploymentPostprocessing = 0;
		};
		DEB7392921676CA50056E178 /* Sources */ = {
			isa = PBXSourcesBuildPhase;
			buildActionMask = 2147483647;
			files = (
				DEB73981216A26F40056E178 /* AppStoreURLResponse.swift in Sources */,
				DEB73980216A26C80056E178 /* ImportManager.swift in Sources */,
				DEB73985216ABD750056E178 /* ImageManager.swift in Sources */,
				DE8DAA57218A3A7C00C2E2A5 /* iTunesApp.swift in Sources */,
				DEA1EE132187592D0045B209 /* TestingManager.swift in Sources */,
				DE8DAA56218A3A7000C2E2A5 /* URLApp.swift in Sources */,
				DEB73977216A14CC0056E178 /* WishListItem.swift in Sources */,
				DE57A4652178D782008EDBAA /* WishListable.swift in Sources */,
				DEB73989216AC0740056E178 /* StringExtension.swift in Sources */,
				DEB89B08218266BE00139C48 /* UIColorExtension.swift in Sources */,
				DEB73974216A0EEA0056E178 /* DatabaseManager.swift in Sources */,
				DEB7393021676CA50056E178 /* ShareViewController.swift in Sources */,
			);
			runOnlyForDeploymentPostprocessing = 0;
		};
/* End PBXSourcesBuildPhase section */

/* Begin PBXTargetDependency section */
		DE7421C22187782B003D379B /* PBXTargetDependency */ = {
			isa = PBXTargetDependency;
			target = DE02E4612167640300DBD0A1 /* WishApp */;
			targetProxy = DE7421C12187782B003D379B /* PBXContainerItemProxy */;
		};
		DEB7393621676CA50056E178 /* PBXTargetDependency */ = {
			isa = PBXTargetDependency;
			target = DEB7392C21676CA50056E178 /* ImportExtension */;
			targetProxy = DEB7393521676CA50056E178 /* PBXContainerItemProxy */;
		};
/* End PBXTargetDependency section */

/* Begin PBXVariantGroup section */
		DE02E4692167640300DBD0A1 /* Main.storyboard */ = {
			isa = PBXVariantGroup;
			children = (
				DE02E46A2167640300DBD0A1 /* Base */,
			);
			name = Main.storyboard;
			sourceTree = "<group>";
		};
		DE02E46E2167640500DBD0A1 /* LaunchScreen.storyboard */ = {
			isa = PBXVariantGroup;
			children = (
				DE02E46F2167640500DBD0A1 /* Base */,
			);
			name = LaunchScreen.storyboard;
			sourceTree = "<group>";
		};
		DEB73999216BCB920056E178 /* Localizable.strings */ = {
			isa = PBXVariantGroup;
			children = (
				DEB73998216BCB920056E178 /* en */,
			);
			name = Localizable.strings;
			sourceTree = "<group>";
		};
/* End PBXVariantGroup section */

/* Begin XCBuildConfiguration section */
		DE02E4722167640500DBD0A1 /* Debug */ = {
			isa = XCBuildConfiguration;
			buildSettings = {
				ALWAYS_SEARCH_USER_PATHS = NO;
				CLANG_ANALYZER_LOCALIZABILITY_NONLOCALIZED = YES;
				CLANG_ANALYZER_NONNULL = YES;
				CLANG_ANALYZER_NUMBER_OBJECT_CONVERSION = YES_AGGRESSIVE;
				CLANG_CXX_LANGUAGE_STANDARD = "gnu++14";
				CLANG_CXX_LIBRARY = "libc++";
				CLANG_ENABLE_MODULES = YES;
				CLANG_ENABLE_OBJC_ARC = YES;
				CLANG_ENABLE_OBJC_WEAK = YES;
				CLANG_WARN_BLOCK_CAPTURE_AUTORELEASING = YES;
				CLANG_WARN_BOOL_CONVERSION = YES;
				CLANG_WARN_COMMA = YES;
				CLANG_WARN_CONSTANT_CONVERSION = YES;
				CLANG_WARN_DEPRECATED_OBJC_IMPLEMENTATIONS = YES;
				CLANG_WARN_DIRECT_OBJC_ISA_USAGE = YES_ERROR;
				CLANG_WARN_DOCUMENTATION_COMMENTS = YES;
				CLANG_WARN_EMPTY_BODY = YES;
				CLANG_WARN_ENUM_CONVERSION = YES;
				CLANG_WARN_INFINITE_RECURSION = YES;
				CLANG_WARN_INT_CONVERSION = YES;
				CLANG_WARN_NON_LITERAL_NULL_CONVERSION = YES;
				CLANG_WARN_OBJC_IMPLICIT_RETAIN_SELF = YES;
				CLANG_WARN_OBJC_LITERAL_CONVERSION = YES;
				CLANG_WARN_OBJC_ROOT_CLASS = YES_ERROR;
				CLANG_WARN_RANGE_LOOP_ANALYSIS = YES;
				CLANG_WARN_STRICT_PROTOTYPES = YES;
				CLANG_WARN_SUSPICIOUS_MOVE = YES;
				CLANG_WARN_UNGUARDED_AVAILABILITY = YES_AGGRESSIVE;
				CLANG_WARN_UNREACHABLE_CODE = YES;
				CLANG_WARN__DUPLICATE_METHOD_MATCH = YES;
				CODE_SIGN_IDENTITY = "iPhone Developer";
				COPY_PHASE_STRIP = NO;
				DEBUG_INFORMATION_FORMAT = dwarf;
				ENABLE_STRICT_OBJC_MSGSEND = YES;
				ENABLE_TESTABILITY = YES;
				GCC_C_LANGUAGE_STANDARD = gnu11;
				GCC_DYNAMIC_NO_PIC = NO;
				GCC_NO_COMMON_BLOCKS = YES;
				GCC_OPTIMIZATION_LEVEL = 0;
				GCC_PREPROCESSOR_DEFINITIONS = (
					"DEBUG=1",
					"$(inherited)",
				);
				GCC_WARN_64_TO_32_BIT_CONVERSION = YES;
				GCC_WARN_ABOUT_RETURN_TYPE = YES_ERROR;
				GCC_WARN_UNDECLARED_SELECTOR = YES;
				GCC_WARN_UNINITIALIZED_AUTOS = YES_AGGRESSIVE;
				GCC_WARN_UNUSED_FUNCTION = YES;
				GCC_WARN_UNUSED_VARIABLE = YES;
				IPHONEOS_DEPLOYMENT_TARGET = 10.0;
				MTL_ENABLE_DEBUG_INFO = INCLUDE_SOURCE;
				MTL_FAST_MATH = YES;
				ONLY_ACTIVE_ARCH = YES;
				SDKROOT = iphoneos;
				SWIFT_ACTIVE_COMPILATION_CONDITIONS = DEBUG;
				SWIFT_OPTIMIZATION_LEVEL = "-Onone";
			};
			name = Debug;
		};
		DE02E4732167640500DBD0A1 /* Release */ = {
			isa = XCBuildConfiguration;
			buildSettings = {
				ALWAYS_SEARCH_USER_PATHS = NO;
				CLANG_ANALYZER_LOCALIZABILITY_NONLOCALIZED = YES;
				CLANG_ANALYZER_NONNULL = YES;
				CLANG_ANALYZER_NUMBER_OBJECT_CONVERSION = YES_AGGRESSIVE;
				CLANG_CXX_LANGUAGE_STANDARD = "gnu++14";
				CLANG_CXX_LIBRARY = "libc++";
				CLANG_ENABLE_MODULES = YES;
				CLANG_ENABLE_OBJC_ARC = YES;
				CLANG_ENABLE_OBJC_WEAK = YES;
				CLANG_WARN_BLOCK_CAPTURE_AUTORELEASING = YES;
				CLANG_WARN_BOOL_CONVERSION = YES;
				CLANG_WARN_COMMA = YES;
				CLANG_WARN_CONSTANT_CONVERSION = YES;
				CLANG_WARN_DEPRECATED_OBJC_IMPLEMENTATIONS = YES;
				CLANG_WARN_DIRECT_OBJC_ISA_USAGE = YES_ERROR;
				CLANG_WARN_DOCUMENTATION_COMMENTS = YES;
				CLANG_WARN_EMPTY_BODY = YES;
				CLANG_WARN_ENUM_CONVERSION = YES;
				CLANG_WARN_INFINITE_RECURSION = YES;
				CLANG_WARN_INT_CONVERSION = YES;
				CLANG_WARN_NON_LITERAL_NULL_CONVERSION = YES;
				CLANG_WARN_OBJC_IMPLICIT_RETAIN_SELF = YES;
				CLANG_WARN_OBJC_LITERAL_CONVERSION = YES;
				CLANG_WARN_OBJC_ROOT_CLASS = YES_ERROR;
				CLANG_WARN_RANGE_LOOP_ANALYSIS = YES;
				CLANG_WARN_STRICT_PROTOTYPES = YES;
				CLANG_WARN_SUSPICIOUS_MOVE = YES;
				CLANG_WARN_UNGUARDED_AVAILABILITY = YES_AGGRESSIVE;
				CLANG_WARN_UNREACHABLE_CODE = YES;
				CLANG_WARN__DUPLICATE_METHOD_MATCH = YES;
				CODE_SIGN_IDENTITY = "iPhone Developer";
				COPY_PHASE_STRIP = NO;
				DEBUG_INFORMATION_FORMAT = "dwarf-with-dsym";
				ENABLE_NS_ASSERTIONS = NO;
				ENABLE_STRICT_OBJC_MSGSEND = YES;
				GCC_C_LANGUAGE_STANDARD = gnu11;
				GCC_NO_COMMON_BLOCKS = YES;
				GCC_WARN_64_TO_32_BIT_CONVERSION = YES;
				GCC_WARN_ABOUT_RETURN_TYPE = YES_ERROR;
				GCC_WARN_UNDECLARED_SELECTOR = YES;
				GCC_WARN_UNINITIALIZED_AUTOS = YES_AGGRESSIVE;
				GCC_WARN_UNUSED_FUNCTION = YES;
				GCC_WARN_UNUSED_VARIABLE = YES;
				IPHONEOS_DEPLOYMENT_TARGET = 10.0;
				MTL_ENABLE_DEBUG_INFO = NO;
				MTL_FAST_MATH = YES;
				SDKROOT = iphoneos;
				SWIFT_COMPILATION_MODE = wholemodule;
				SWIFT_OPTIMIZATION_LEVEL = "-O";
				VALIDATE_PRODUCT = YES;
			};
			name = Release;
		};
		DE02E4752167640500DBD0A1 /* Debug */ = {
			isa = XCBuildConfiguration;
			baseConfigurationReference = 22B94F8129FF16BDC31D28A1 /* Pods-WishApp.debug.xcconfig */;
			buildSettings = {
				ALWAYS_EMBED_SWIFT_STANDARD_LIBRARIES = "$(inherited)";
				ASSETCATALOG_COMPILER_APPICON_NAME = AppIcon;
				CODE_SIGN_ENTITLEMENTS = WishApp/WishApp.entitlements;
				CODE_SIGN_STYLE = Automatic;
				DEVELOPMENT_TEAM = 7PE75LA624;
				FRAMEWORK_SEARCH_PATHS = (
					"$(inherited)",
					"$(PROJECT_DIR)",
				);
				GCC_PREPROCESSOR_DEFINITIONS = (
					"$(inherited)",
					"COCOAPODS=1",
				);
				INFOPLIST_FILE = WishApp/Info.plist;
				IPHONEOS_DEPLOYMENT_TARGET = 11.0;
				LD_RUNPATH_SEARCH_PATHS = (
					"$(inherited)",
					"@executable_path/Frameworks",
				);
				OTHER_SWIFT_FLAGS = "$(inherited) \"-D\" \"COCOAPODS\" -D WISH_APP";
				PRODUCT_BUNDLE_IDENTIFIER = com.sharedroutine.WishApp;
				PRODUCT_MODULE_NAME = "$(PROJECT_NAME)";
				PRODUCT_NAME = "$(TARGET_NAME)";
				SWIFT_OBJC_BRIDGING_HEADER = "WishApp-Swift.h";
				SWIFT_VERSION = 4.2;
				TARGETED_DEVICE_FAMILY = 1;
				WISH_APP_TESTING = NO;
			};
			name = Debug;
		};
		DE02E4762167640500DBD0A1 /* Release */ = {
			isa = XCBuildConfiguration;
			baseConfigurationReference = 67055DB79C6E688DECAEE47E /* Pods-WishApp.release.xcconfig */;
			buildSettings = {
				ALWAYS_EMBED_SWIFT_STANDARD_LIBRARIES = "$(inherited)";
				ASSETCATALOG_COMPILER_APPICON_NAME = AppIcon;
				CODE_SIGN_ENTITLEMENTS = WishApp/WishApp.entitlements;
				CODE_SIGN_STYLE = Automatic;
				DEVELOPMENT_TEAM = 7PE75LA624;
				FRAMEWORK_SEARCH_PATHS = (
					"$(inherited)",
					"$(PROJECT_DIR)",
				);
				GCC_PREPROCESSOR_DEFINITIONS = (
					"$(inherited)",
					"COCOAPODS=1",
				);
				INFOPLIST_FILE = WishApp/Info.plist;
				IPHONEOS_DEPLOYMENT_TARGET = 11.0;
				LD_RUNPATH_SEARCH_PATHS = (
					"$(inherited)",
					"@executable_path/Frameworks",
				);
				OTHER_SWIFT_FLAGS = "$(inherited) \"-D\" \"COCOAPODS\" -D WISH_APP";
				PRODUCT_BUNDLE_IDENTIFIER = com.sharedroutine.WishApp;
				PRODUCT_MODULE_NAME = "$(PROJECT_NAME)";
				PRODUCT_NAME = "$(TARGET_NAME)";
				SWIFT_OBJC_BRIDGING_HEADER = "WishApp-Swift.h";
				SWIFT_VERSION = 4.2;
				TARGETED_DEVICE_FAMILY = 1;
				WISH_APP_TESTING = NO;
			};
			name = Release;
		};
		DE7421C32187782B003D379B /* Debug */ = {
			isa = XCBuildConfiguration;
			baseConfigurationReference = 0295BC2EAC2AFBC14AB90870 /* Pods-WishApp-WishAppUITests.debug.xcconfig */;
			buildSettings = {
				CODE_SIGN_STYLE = Automatic;
				DEVELOPMENT_TEAM = 7PE75LA624;
				INFOPLIST_FILE = WishAppUITests/Info.plist;
				IPHONEOS_DEPLOYMENT_TARGET = 12.0;
				LD_RUNPATH_SEARCH_PATHS = (
					"$(inherited)",
					"@executable_path/Frameworks",
					"@loader_path/Frameworks",
				);
				PRODUCT_BUNDLE_IDENTIFIER = com.sharedroutine.WishAppUITests;
				PRODUCT_NAME = "$(TARGET_NAME)";
				SWIFT_VERSION = 4.2;
				TARGETED_DEVICE_FAMILY = "1,2";
				TEST_TARGET_NAME = WishApp;
			};
			name = Debug;
		};
		DE7421C42187782B003D379B /* Release */ = {
			isa = XCBuildConfiguration;
			baseConfigurationReference = 6D3CAA0E4C0CEB0400CFB269 /* Pods-WishApp-WishAppUITests.release.xcconfig */;
			buildSettings = {
				CODE_SIGN_STYLE = Automatic;
				DEVELOPMENT_TEAM = 7PE75LA624;
				INFOPLIST_FILE = WishAppUITests/Info.plist;
				IPHONEOS_DEPLOYMENT_TARGET = 12.0;
				LD_RUNPATH_SEARCH_PATHS = (
					"$(inherited)",
					"@executable_path/Frameworks",
					"@loader_path/Frameworks",
				);
				PRODUCT_BUNDLE_IDENTIFIER = com.sharedroutine.WishAppUITests;
				PRODUCT_NAME = "$(TARGET_NAME)";
				SWIFT_VERSION = 4.2;
				TARGETED_DEVICE_FAMILY = "1,2";
				TEST_TARGET_NAME = WishApp;
			};
			name = Release;
		};
		DEB7393921676CA50056E178 /* Debug */ = {
			isa = XCBuildConfiguration;
			buildSettings = {
				ALWAYS_EMBED_SWIFT_STANDARD_LIBRARIES = NO;
				CODE_SIGN_ENTITLEMENTS = ImportExtension/ImportExtension.entitlements;
				CODE_SIGN_STYLE = Automatic;
				DEVELOPMENT_TEAM = 7PE75LA624;
				FRAMEWORK_SEARCH_PATHS = (
					"$(inherited)",
					"$(PROJECT_DIR)",
				);
				INFOPLIST_FILE = ImportExtension/Info.plist;
				IPHONEOS_DEPLOYMENT_TARGET = 10.0;
				LD_RUNPATH_SEARCH_PATHS = (
					"$(inherited)",
					"@executable_path/Frameworks",
					"@executable_path/../../Frameworks",
				);
				PRODUCT_BUNDLE_IDENTIFIER = com.sharedroutine.WishApp.ImportExtension;
				PRODUCT_MODULE_NAME = ImportExtension;
				PRODUCT_NAME = "$(TARGET_NAME)";
				SKIP_INSTALL = YES;
				SWIFT_OBJC_BRIDGING_HEADER = "WishApp-Swift.h";
				SWIFT_VERSION = 4.2;
				TARGETED_DEVICE_FAMILY = "1,2";
			};
			name = Debug;
		};
		DEB7393A21676CA50056E178 /* Release */ = {
			isa = XCBuildConfiguration;
			buildSettings = {
				ALWAYS_EMBED_SWIFT_STANDARD_LIBRARIES = NO;
				CODE_SIGN_ENTITLEMENTS = ImportExtension/ImportExtension.entitlements;
				CODE_SIGN_STYLE = Automatic;
				DEVELOPMENT_TEAM = 7PE75LA624;
				FRAMEWORK_SEARCH_PATHS = (
					"$(inherited)",
					"$(PROJECT_DIR)",
				);
				INFOPLIST_FILE = ImportExtension/Info.plist;
				IPHONEOS_DEPLOYMENT_TARGET = 10.0;
				LD_RUNPATH_SEARCH_PATHS = (
					"$(inherited)",
					"@executable_path/Frameworks",
					"@executable_path/../../Frameworks",
				);
				PRODUCT_BUNDLE_IDENTIFIER = com.sharedroutine.WishApp.ImportExtension;
				PRODUCT_MODULE_NAME = ImportExtension;
				PRODUCT_NAME = "$(TARGET_NAME)";
				SKIP_INSTALL = YES;
				SWIFT_OBJC_BRIDGING_HEADER = "WishApp-Swift.h";
				SWIFT_VERSION = 4.2;
				TARGETED_DEVICE_FAMILY = "1,2";
			};
			name = Release;
		};
/* End XCBuildConfiguration section */

/* Begin XCConfigurationList section */
		DE02E45D2167640300DBD0A1 /* Build configuration list for PBXProject "WishApp" */ = {
			isa = XCConfigurationList;
			buildConfigurations = (
				DE02E4722167640500DBD0A1 /* Debug */,
				DE02E4732167640500DBD0A1 /* Release */,
			);
			defaultConfigurationIsVisible = 0;
			defaultConfigurationName = Release;
		};
		DE02E4742167640500DBD0A1 /* Build configuration list for PBXNativeTarget "WishApp" */ = {
			isa = XCConfigurationList;
			buildConfigurations = (
				DE02E4752167640500DBD0A1 /* Debug */,
				DE02E4762167640500DBD0A1 /* Release */,
			);
			defaultConfigurationIsVisible = 0;
			defaultConfigurationName = Release;
		};
		DE7421C52187782B003D379B /* Build configuration list for PBXNativeTarget "WishAppUITests" */ = {
			isa = XCConfigurationList;
			buildConfigurations = (
				DE7421C32187782B003D379B /* Debug */,
				DE7421C42187782B003D379B /* Release */,
			);
			defaultConfigurationIsVisible = 0;
			defaultConfigurationName = Release;
		};
		DEB7393821676CA50056E178 /* Build configuration list for PBXNativeTarget "ImportExtension" */ = {
			isa = XCConfigurationList;
			buildConfigurations = (
				DEB7393921676CA50056E178 /* Debug */,
				DEB7393A21676CA50056E178 /* Release */,
			);
			defaultConfigurationIsVisible = 0;
			defaultConfigurationName = Release;
		};
/* End XCConfigurationList section */
	};
	rootObject = DE02E45A2167640300DBD0A1 /* Project object */;
}
