<?xml version="1.0" encoding="UTF-8"?>
<Scheme
   LastUpgradeVersion = "1010"
   version = "1.7">
   <BuildAction
      parallelizeBuildables = "YES"
      buildImplicitDependencies = "YES">
      <PreActions>
         <ExecutionAction
            ActionType = "Xcode.IDEStandardExecutionActionsCore.ExecutionActionType.ShellScriptAction">
            <ActionContent
               title = "Copying Testing Data"
               scriptText = "test_target_path=&quot;${BUILT_PRODUCTS_DIR}/${PRODUCT_NAME}.app/Testing&quot;&#10;test_data_path=&quot;${PROJECT_DIR}/WishApp/Testing&quot;&#10;echo &quot;Creating Folder&quot;&#10;mkdir -p &quot;$test_target_path&quot;&#10;echo &quot;Copying Data&quot;&#10;cp -rf &quot;$test_data_path/*&quot; &quot;$test_target_path&quot;&#10;echo &quot;Copying done&quot;&#10;">
               <EnvironmentBuildable>
                  <BuildableReference
                     BuildableIdentifier = "primary"
                     BlueprintIdentifier = "DE02E4612167640300DBD0A1"
                     BuildableName = "WishApp.app"
                     BlueprintName = "WishApp"
                     ReferencedContainer = "container:WishApp.xcodeproj">
                  </BuildableReference>
               </EnvironmentBuildable>
            </ActionContent>
         </ExecutionAction>
      </PreActions>
      <BuildActionEntries>
         <BuildActionEntry
            buildForTesting = "YES"
            buildForRunning = "YES"
            buildForProfiling = "NO"
            buildForArchiving = "NO"
            buildForAnalyzing = "NO">
            <BuildableReference
               BuildableIdentifier = "primary"
               BlueprintIdentifier = "DE02E4612167640300DBD0A1"
               BuildableName = "WishApp.app"
               BlueprintName = "WishApp"
               ReferencedContainer = "container:WishApp.xcodeproj">
            </BuildableReference>
         </BuildActionEntry>
      </BuildActionEntries>
   </BuildAction>
   <TestAction
      buildConfiguration = "Testing"
      selectedDebuggerIdentifier = "Xcode.DebuggerFoundation.Debugger.LLDB"
      selectedLauncherIdentifier = "Xcode.DebuggerFoundation.Launcher.LLDB"
      shouldUseLaunchSchemeArgsEnv = "YES">
      <Testables>
      </Testables>
      <MacroExpansion>
         <BuildableReference
            BuildableIdentifier = "primary"
            BlueprintIdentifier = "DE02E4612167640300DBD0A1"
            BuildableName = "WishApp.app"
            BlueprintName = "WishApp"
            ReferencedContainer = "container:WishApp.xcodeproj">
         </BuildableReference>
      </MacroExpansion>
      <AdditionalOptions>
      </AdditionalOptions>
   </TestAction>
   <LaunchAction
      buildConfiguration = "Testing"
      selectedDebuggerIdentifier = "Xcode.DebuggerFoundation.Debugger.LLDB"
      selectedLauncherIdentifier = "Xcode.DebuggerFoundation.Launcher.LLDB"
      launchStyle = "0"
      useCustomWorkingDirectory = "NO"
      ignoresPersistentStateOnLaunch = "NO"
      debugDocumentVersioning = "YES"
      debugServiceExtension = "internal"
      allowLocationSimulation = "YES">
      <BuildableProductRunnable
         runnableDebuggingMode = "0">
         <BuildableReference
            BuildableIdentifier = "primary"
            BlueprintIdentifier = "DE02E4612167640300DBD0A1"
            BuildableName = "WishApp.app"
            BlueprintName = "WishApp"
            ReferencedContainer = "container:WishApp.xcodeproj">
         </BuildableReference>
      </BuildableProductRunnable>
      <CommandLineArguments>
         <CommandLineArgument
            argument = "WISH_APP_TESTING"
            isEnabled = "YES">
         </CommandLineArgument>
      </CommandLineArguments>
      <EnvironmentVariables>
         <EnvironmentVariable
            key = "WISH_APP_TESTING"
            value = "YES"
            isEnabled = "YES">
         </EnvironmentVariable>
      </EnvironmentVariables>
      <AdditionalOptions>
      </AdditionalOptions>
   </LaunchAction>
   <ProfileAction
      buildConfiguration = "Testing"
      shouldUseLaunchSchemeArgsEnv = "YES"
      savedToolIdentifier = ""
      useCustomWorkingDirectory = "NO"
      debugDocumentVersioning = "YES">
      <MacroExpansion>
         <BuildableReference
            BuildableIdentifier = "primary"
            BlueprintIdentifier = "DE02E4612167640300DBD0A1"
            BuildableName = "WishApp.app"
            BlueprintName = "WishApp"
            ReferencedContainer = "container:WishApp.xcodeproj">
         </BuildableReference>
      </MacroExpansion>
   </ProfileAction>
   <AnalyzeAction
      buildConfiguration = "Testing">
   </AnalyzeAction>
   <ArchiveAction
      buildConfiguration = "Testing"
      revealArchiveInOrganizer = "YES">
   </ArchiveAction>
</Scheme>
